
Microsoft Visual Studio Solution File, Format Version 12.00
# Visual Studio Version 16
VisualStudioVersion = 16.0.31829.152
MinimumVisualStudioVersion = 10.0.40219.1
Project("{FAE04EC0-301F-11D3-BF4B-00C04F79EFBC}") = "ConsoleApp1", "ConsoleApp1\ConsoleApp1.csproj", "{1F79CDEF-DA13-4DCF-9D7C-8809182C8161}"
EndProject
Project("{FAE04EC0-301F-11D3-BF4B-00C04F79EFBC}") = "01. Censorship", "01. Censorship\01. Censorship.csproj", "{3624D73E-2C0F-483D-ABFA-D411C9E060EF}"
EndProject
Project("{FAE04EC0-301F-11D3-BF4B-00C04F79EFBC}") = "02. Email me", "02. Email me\02. Email me.csproj", "{F799B532-C47F-4096-A4DE-D57D1A633D04}"
EndProject
Global
	GlobalSection(SolutionConfigurationPlatforms) = preSolution
		Debug|Any CPU = Debug|Any CPU
		Release|Any CPU = Release|Any CPU
	EndGlobalSection
	GlobalSection(ProjectConfigurationPlatforms) = postSolution
		{1F79CDEF-DA13-4DCF-9D7C-8809182C8161}.Debug|Any CPU.ActiveCfg = Debug|Any CPU
		{1F79CDEF-DA13-4DCF-9D7C-8809182C8161}.Debug|Any CPU.Build.0 = Debug|Any CPU
		{1F79CDEF-DA13-4DCF-9D7C-8809182C8161}.Release|Any CPU.ActiveCfg = Release|Any CPU
		{1F79CDEF-DA13-4DCF-9D7C-8809182C8161}.Release|Any CPU.Build.0 = Release|Any CPU
		{3624D73E-2C0F-483D-ABFA-D411C9E060EF}.Debug|Any CPU.ActiveCfg = Debug|Any CPU
		{3624D73E-2C0F-483D-ABFA-D411C9E060EF}.Debug|Any CPU.Build.0 = Debug|Any CPU
		{3624D73E-2C0F-483D-ABFA-D411C9E060EF}.Release|Any CPU.ActiveCfg = Release|Any CPU
		{3624D73E-2C0F-483D-ABFA-D411C9E060EF}.Release|Any CPU.Build.0 = Release|Any CPU
		{F799B532-C47F-4096-A4DE-D57D1A633D04}.Debug|Any CPU.ActiveCfg = Debug|Any CPU
		{F799B532-C47F-4096-A4DE-D57D1A633D04}.Debug|Any CPU.Build.0 = Debug|Any CPU
		{F799B532-C47F-4096-A4DE-D57D1A633D04}.Release|Any CPU.ActiveCfg = Release|Any CPU
		{F799B532-C47F-4096-A4DE-D57D1A633D04}.Release|Any CPU.Build.0 = Release|Any CPU
	EndGlobalSection
	GlobalSection(SolutionProperties) = preSolution
		HideSolutionNode = FALSE
	EndGlobalSection
	GlobalSection(ExtensibilityGlobals) = postSolution
		SolutionGuid = {7B55B3BF-4ECF-483A-A747-5BE82CA14203}
	EndGlobalSection
EndGlobal
